
Microsoft Visual Studio Solution File, Format Version 12.00
# Visual Studio 2013
VisualStudioVersion = 12.0.21005.1
MinimumVisualStudioVersion = 10.0.40219.1
Project("{FAE04EC0-301F-11D3-BF4B-00C04F79EFBC}") = "SimpleTimerPortable", "SimpleTimerPortable\SimpleTimerPortable.csproj", "{B829392E-9C9B-4921-8564-23E700EAA2A9}"
EndProject
Project("{FAE04EC0-301F-11D3-BF4B-00C04F79EFBC}") = "SimpleTimerWindowsPhone", "SimpleTimerWindowsPhone\SimpleTimerWindowsPhone.csproj", "{4B09942A-1DDB-4416-ADF8-D56201BD3316}"
EndProject
Project("{FAE04EC0-301F-11D3-BF4B-00C04F79EFBC}") = "SimpleTimerAndroid", "SimpleTimerAndroid\SimpleTimerAndroid.csproj", "{DE2794D4-A346-44F1-AA87-C61EF690B87A}"
EndProject
Project("{FAE04EC0-301F-11D3-BF4B-00C04F79EFBC}") = "SimpleTimeriOS", "SimpleTimeriOS\SimpleTimeriOS.csproj", "{16D2102A-002B-4BAE-899A-6368B2E05A16}"
EndProject
Global
	GlobalSection(SolutionConfigurationPlatforms) = preSolution
		Ad-Hoc|Any CPU = Ad-Hoc|Any CPU
		Ad-Hoc|ARM = Ad-Hoc|ARM
		Ad-Hoc|iPhone = Ad-Hoc|iPhone
		Ad-Hoc|iPhoneSimulator = Ad-Hoc|iPhoneSimulator
		Ad-Hoc|Mixed Platforms = Ad-Hoc|Mixed Platforms
		Ad-Hoc|x86 = Ad-Hoc|x86
		AppStore|Any CPU = AppStore|Any CPU
		AppStore|ARM = AppStore|ARM
		AppStore|iPhone = AppStore|iPhone
		AppStore|iPhoneSimulator = AppStore|iPhoneSimulator
		AppStore|Mixed Platforms = AppStore|Mixed Platforms
		AppStore|x86 = AppStore|x86
		Debug|Any CPU = Debug|Any CPU
		Debug|ARM = Debug|ARM
		Debug|iPhone = Debug|iPhone
		Debug|iPhoneSimulator = Debug|iPhoneSimulator
		Debug|Mixed Platforms = Debug|Mixed Platforms
		Debug|x86 = Debug|x86
		Release|Any CPU = Release|Any CPU
		Release|ARM = Release|ARM
		Release|iPhone = Release|iPhone
		Release|iPhoneSimulator = Release|iPhoneSimulator
		Release|Mixed Platforms = Release|Mixed Platforms
		Release|x86 = Release|x86
	EndGlobalSection
	GlobalSection(ProjectConfigurationPlatforms) = postSolution
		{B829392E-9C9B-4921-8564-23E700EAA2A9}.Ad-Hoc|Any CPU.ActiveCfg = Release|Any CPU
		{B829392E-9C9B-4921-8564-23E700EAA2A9}.Ad-Hoc|Any CPU.Build.0 = Release|Any CPU
		{B829392E-9C9B-4921-8564-23E700EAA2A9}.Ad-Hoc|ARM.ActiveCfg = Release|Any CPU
		{B829392E-9C9B-4921-8564-23E700EAA2A9}.Ad-Hoc|iPhone.ActiveCfg = Release|Any CPU
		{B829392E-9C9B-4921-8564-23E700EAA2A9}.Ad-Hoc|iPhoneSimulator.ActiveCfg = Release|Any CPU
		{B829392E-9C9B-4921-8564-23E700EAA2A9}.Ad-Hoc|Mixed Platforms.ActiveCfg = Release|Any CPU
		{B829392E-9C9B-4921-8564-23E700EAA2A9}.Ad-Hoc|Mixed Platforms.Build.0 = Release|Any CPU
		{B829392E-9C9B-4921-8564-23E700EAA2A9}.Ad-Hoc|x86.ActiveCfg = Release|Any CPU
		{B829392E-9C9B-4921-8564-23E700EAA2A9}.AppStore|Any CPU.ActiveCfg = Release|Any CPU
		{B829392E-9C9B-4921-8564-23E700EAA2A9}.AppStore|Any CPU.Build.0 = Release|Any CPU
		{B829392E-9C9B-4921-8564-23E700EAA2A9}.AppStore|ARM.ActiveCfg = Release|Any CPU
		{B829392E-9C9B-4921-8564-23E700EAA2A9}.AppStore|iPhone.ActiveCfg = Release|Any CPU
		{B829392E-9C9B-4921-8564-23E700EAA2A9}.AppStore|iPhoneSimulator.ActiveCfg = Release|Any CPU
		{B829392E-9C9B-4921-8564-23E700EAA2A9}.AppStore|Mixed Platforms.ActiveCfg = Release|Any CPU
		{B829392E-9C9B-4921-8564-23E700EAA2A9}.AppStore|Mixed Platforms.Build.0 = Release|Any CPU
		{B829392E-9C9B-4921-8564-23E700EAA2A9}.AppStore|x86.ActiveCfg = Release|Any CPU
		{B829392E-9C9B-4921-8564-23E700EAA2A9}.Debug|Any CPU.ActiveCfg = Debug|Any CPU
		{B829392E-9C9B-4921-8564-23E700EAA2A9}.Debug|Any CPU.Build.0 = Debug|Any CPU
		{B829392E-9C9B-4921-8564-23E700EAA2A9}.Debug|ARM.ActiveCfg = Debug|Any CPU
		{B829392E-9C9B-4921-8564-23E700EAA2A9}.Debug|iPhone.ActiveCfg = Debug|Any CPU
		{B829392E-9C9B-4921-8564-23E700EAA2A9}.Debug|iPhone.Build.0 = Debug|Any CPU
		{B829392E-9C9B-4921-8564-23E700EAA2A9}.Debug|iPhoneSimulator.ActiveCfg = Debug|Any CPU
		{B829392E-9C9B-4921-8564-23E700EAA2A9}.Debug|iPhoneSimulator.Build.0 = Debug|Any CPU
		{B829392E-9C9B-4921-8564-23E700EAA2A9}.Debug|Mixed Platforms.ActiveCfg = Debug|Any CPU
		{B829392E-9C9B-4921-8564-23E700EAA2A9}.Debug|Mixed Platforms.Build.0 = Debug|Any CPU
		{B829392E-9C9B-4921-8564-23E700EAA2A9}.Debug|x86.ActiveCfg = Debug|Any CPU
		{B829392E-9C9B-4921-8564-23E700EAA2A9}.Release|Any CPU.ActiveCfg = Release|Any CPU
		{B829392E-9C9B-4921-8564-23E700EAA2A9}.Release|Any CPU.Build.0 = Release|Any CPU
		{B829392E-9C9B-4921-8564-23E700EAA2A9}.Release|ARM.ActiveCfg = Release|Any CPU
		{B829392E-9C9B-4921-8564-23E700EAA2A9}.Release|iPhone.ActiveCfg = Release|Any CPU
		{B829392E-9C9B-4921-8564-23E700EAA2A9}.Release|iPhoneSimulator.ActiveCfg = Release|Any CPU
		{B829392E-9C9B-4921-8564-23E700EAA2A9}.Release|Mixed Platforms.ActiveCfg = Release|Any CPU
		{B829392E-9C9B-4921-8564-23E700EAA2A9}.Release|Mixed Platforms.Build.0 = Release|Any CPU
		{B829392E-9C9B-4921-8564-23E700EAA2A9}.Release|x86.ActiveCfg = Release|Any CPU
		{4B09942A-1DDB-4416-ADF8-D56201BD3316}.Ad-Hoc|Any CPU.ActiveCfg = Release|Any CPU
		{4B09942A-1DDB-4416-ADF8-D56201BD3316}.Ad-Hoc|Any CPU.Build.0 = Release|Any CPU
		{4B09942A-1DDB-4416-ADF8-D56201BD3316}.Ad-Hoc|Any CPU.Deploy.0 = Release|Any CPU
		{4B09942A-1DDB-4416-ADF8-D56201BD3316}.Ad-Hoc|ARM.ActiveCfg = Release|ARM
		{4B09942A-1DDB-4416-ADF8-D56201BD3316}.Ad-Hoc|ARM.Build.0 = Release|ARM
		{4B09942A-1DDB-4416-ADF8-D56201BD3316}.Ad-Hoc|ARM.Deploy.0 = Release|ARM
		{4B09942A-1DDB-4416-ADF8-D56201BD3316}.Ad-Hoc|iPhone.ActiveCfg = Release|Any CPU
		{4B09942A-1DDB-4416-ADF8-D56201BD3316}.Ad-Hoc|iPhoneSimulator.ActiveCfg = Release|Any CPU
		{4B09942A-1DDB-4416-ADF8-D56201BD3316}.Ad-Hoc|Mixed Platforms.ActiveCfg = Release|x86
		{4B09942A-1DDB-4416-ADF8-D56201BD3316}.Ad-Hoc|Mixed Platforms.Build.0 = Release|x86
		{4B09942A-1DDB-4416-ADF8-D56201BD3316}.Ad-Hoc|Mixed Platforms.Deploy.0 = Release|x86
		{4B09942A-1DDB-4416-ADF8-D56201BD3316}.Ad-Hoc|x86.ActiveCfg = Release|x86
		{4B09942A-1DDB-4416-ADF8-D56201BD3316}.Ad-Hoc|x86.Build.0 = Release|x86
		{4B09942A-1DDB-4416-ADF8-D56201BD3316}.Ad-Hoc|x86.Deploy.0 = Release|x86
		{4B09942A-1DDB-4416-ADF8-D56201BD3316}.AppStore|Any CPU.ActiveCfg = Release|Any CPU
		{4B09942A-1DDB-4416-ADF8-D56201BD3316}.AppStore|Any CPU.Build.0 = Release|Any CPU
		{4B09942A-1DDB-4416-ADF8-D56201BD3316}.AppStore|Any CPU.Deploy.0 = Release|Any CPU
		{4B09942A-1DDB-4416-ADF8-D56201BD3316}.AppStore|ARM.ActiveCfg = Release|ARM
		{4B09942A-1DDB-4416-ADF8-D56201BD3316}.AppStore|ARM.Build.0 = Release|ARM
		{4B09942A-1DDB-4416-ADF8-D56201BD3316}.AppStore|ARM.Deploy.0 = Release|ARM
		{4B09942A-1DDB-4416-ADF8-D56201BD3316}.AppStore|iPhone.ActiveCfg = Release|Any CPU
		{4B09942A-1DDB-4416-ADF8-D56201BD3316}.AppStore|iPhoneSimulator.ActiveCfg = Release|Any CPU
		{4B09942A-1DDB-4416-ADF8-D56201BD3316}.AppStore|Mixed Platforms.ActiveCfg = Release|x86
		{4B09942A-1DDB-4416-ADF8-D56201BD3316}.AppStore|Mixed Platforms.Build.0 = Release|x86
		{4B09942A-1DDB-4416-ADF8-D56201BD3316}.AppStore|Mixed Platforms.Deploy.0 = Release|x86
		{4B09942A-1DDB-4416-ADF8-D56201BD3316}.AppStore|x86.ActiveCfg = Release|x86
		{4B09942A-1DDB-4416-ADF8-D56201BD3316}.AppStore|x86.Build.0 = Release|x86
		{4B09942A-1DDB-4416-ADF8-D56201BD3316}.AppStore|x86.Deploy.0 = Release|x86
		{4B09942A-1DDB-4416-ADF8-D56201BD3316}.Debug|Any CPU.ActiveCfg = Debug|Any CPU
		{4B09942A-1DDB-4416-ADF8-D56201BD3316}.Debug|Any CPU.Build.0 = Debug|Any CPU
		{4B09942A-1DDB-4416-ADF8-D56201BD3316}.Debug|Any CPU.Deploy.0 = Debug|Any CPU
		{4B09942A-1DDB-4416-ADF8-D56201BD3316}.Debug|ARM.ActiveCfg = Debug|ARM
		{4B09942A-1DDB-4416-ADF8-D56201BD3316}.Debug|ARM.Build.0 = Debug|ARM
		{4B09942A-1DDB-4416-ADF8-D56201BD3316}.Debug|ARM.Deploy.0 = Debug|ARM
		{4B09942A-1DDB-4416-ADF8-D56201BD3316}.Debug|iPhone.ActiveCfg = Debug|Any CPU
		{4B09942A-1DDB-4416-ADF8-D56201BD3316}.Debug|iPhoneSimulator.ActiveCfg = Debug|Any CPU
		{4B09942A-1DDB-4416-ADF8-D56201BD3316}.Debug|Mixed Platforms.ActiveCfg = Debug|x86
		{4B09942A-1DDB-4416-ADF8-D56201BD3316}.Debug|Mixed Platforms.Build.0 = Debug|x86
		{4B09942A-1DDB-4416-ADF8-D56201BD3316}.Debug|Mixed Platforms.Deploy.0 = Debug|x86
		{4B09942A-1DDB-4416-ADF8-D56201BD3316}.Debug|x86.ActiveCfg = Debug|x86
		{4B09942A-1DDB-4416-ADF8-D56201BD3316}.Debug|x86.Build.0 = Debug|x86
		{4B09942A-1DDB-4416-ADF8-D56201BD3316}.Debug|x86.Deploy.0 = Debug|x86
		{4B09942A-1DDB-4416-ADF8-D56201BD3316}.Release|Any CPU.ActiveCfg = Release|Any CPU
		{4B09942A-1DDB-4416-ADF8-D56201BD3316}.Release|Any CPU.Build.0 = Release|Any CPU
		{4B09942A-1DDB-4416-ADF8-D56201BD3316}.Release|Any CPU.Deploy.0 = Release|Any CPU
		{4B09942A-1DDB-4416-ADF8-D56201BD3316}.Release|ARM.ActiveCfg = Release|ARM
		{4B09942A-1DDB-4416-ADF8-D56201BD3316}.Release|ARM.Build.0 = Release|ARM
		{4B09942A-1DDB-4416-ADF8-D56201BD3316}.Release|ARM.Deploy.0 = Release|ARM
		{4B09942A-1DDB-4416-ADF8-D56201BD3316}.Release|iPhone.ActiveCfg = Release|Any CPU
		{4B09942A-1DDB-4416-ADF8-D56201BD3316}.Release|iPhoneSimulator.ActiveCfg = Release|Any CPU
		{4B09942A-1DDB-4416-ADF8-D56201BD3316}.Release|Mixed Platforms.ActiveCfg = Release|x86
		{4B09942A-1DDB-4416-ADF8-D56201BD3316}.Release|Mixed Platforms.Build.0 = Release|x86
		{4B09942A-1DDB-4416-ADF8-D56201BD3316}.Release|Mixed Platforms.Deploy.0 = Release|x86
		{4B09942A-1DDB-4416-ADF8-D56201BD3316}.Release|x86.ActiveCfg = Release|x86
		{4B09942A-1DDB-4416-ADF8-D56201BD3316}.Release|x86.Build.0 = Release|x86
		{4B09942A-1DDB-4416-ADF8-D56201BD3316}.Release|x86.Deploy.0 = Release|x86
		{DE2794D4-A346-44F1-AA87-C61EF690B87A}.Ad-Hoc|Any CPU.ActiveCfg = Release|Any CPU
		{DE2794D4-A346-44F1-AA87-C61EF690B87A}.Ad-Hoc|Any CPU.Build.0 = Release|Any CPU
		{DE2794D4-A346-44F1-AA87-C61EF690B87A}.Ad-Hoc|Any CPU.Deploy.0 = Release|Any CPU
		{DE2794D4-A346-44F1-AA87-C61EF690B87A}.Ad-Hoc|ARM.ActiveCfg = Release|Any CPU
		{DE2794D4-A346-44F1-AA87-C61EF690B87A}.Ad-Hoc|iPhone.ActiveCfg = Release|Any CPU
		{DE2794D4-A346-44F1-AA87-C61EF690B87A}.Ad-Hoc|iPhoneSimulator.ActiveCfg = Release|Any CPU
		{DE2794D4-A346-44F1-AA87-C61EF690B87A}.Ad-Hoc|Mixed Platforms.ActiveCfg = Release|Any CPU
		{DE2794D4-A346-44F1-AA87-C61EF690B87A}.Ad-Hoc|Mixed Platforms.Build.0 = Release|Any CPU
		{DE2794D4-A346-44F1-AA87-C61EF690B87A}.Ad-Hoc|Mixed Platforms.Deploy.0 = Release|Any CPU
		{DE2794D4-A346-44F1-AA87-C61EF690B87A}.Ad-Hoc|x86.ActiveCfg = Release|Any CPU
		{DE2794D4-A346-44F1-AA87-C61EF690B87A}.AppStore|Any CPU.ActiveCfg = Release|Any CPU
		{DE2794D4-A346-44F1-AA87-C61EF690B87A}.AppStore|Any CPU.Build.0 = Release|Any CPU
		{DE2794D4-A346-44F1-AA87-C61EF690B87A}.AppStore|Any CPU.Deploy.0 = Release|Any CPU
		{DE2794D4-A346-44F1-AA87-C61EF690B87A}.AppStore|ARM.ActiveCfg = Release|Any CPU
		{DE2794D4-A346-44F1-AA87-C61EF690B87A}.AppStore|iPhone.ActiveCfg = Release|Any CPU
		{DE2794D4-A346-44F1-AA87-C61EF690B87A}.AppStore|iPhoneSimulator.ActiveCfg = Release|Any CPU
		{DE2794D4-A346-44F1-AA87-C61EF690B87A}.AppStore|Mixed Platforms.ActiveCfg = Release|Any CPU
		{DE2794D4-A346-44F1-AA87-C61EF690B87A}.AppStore|Mixed Platforms.Build.0 = Release|Any CPU
		{DE2794D4-A346-44F1-AA87-C61EF690B87A}.AppStore|Mixed Platforms.Deploy.0 = Release|Any CPU
		{DE2794D4-A346-44F1-AA87-C61EF690B87A}.AppStore|x86.ActiveCfg = Release|Any CPU
		{DE2794D4-A346-44F1-AA87-C61EF690B87A}.Debug|Any CPU.ActiveCfg = Debug|Any CPU
		{DE2794D4-A346-44F1-AA87-C61EF690B87A}.Debug|Any CPU.Build.0 = Debug|Any CPU
		{DE2794D4-A346-44F1-AA87-C61EF690B87A}.Debug|Any CPU.Deploy.0 = Debug|Any CPU
		{DE2794D4-A346-44F1-AA87-C61EF690B87A}.Debug|ARM.ActiveCfg = Debug|Any CPU
		{DE2794D4-A346-44F1-AA87-C61EF690B87A}.Debug|iPhone.ActiveCfg = Debug|Any CPU
		{DE2794D4-A346-44F1-AA87-C61EF690B87A}.Debug|iPhoneSimulator.ActiveCfg = Debug|Any CPU
		{DE2794D4-A346-44F1-AA87-C61EF690B87A}.Debug|Mixed Platforms.ActiveCfg = Debug|Any CPU
		{DE2794D4-A346-44F1-AA87-C61EF690B87A}.Debug|Mixed Platforms.Build.0 = Debug|Any CPU
		{DE2794D4-A346-44F1-AA87-C61EF690B87A}.Debug|Mixed Platforms.Deploy.0 = Debug|Any CPU
		{DE2794D4-A346-44F1-AA87-C61EF690B87A}.Debug|x86.ActiveCfg = Debug|Any CPU
		{DE2794D4-A346-44F1-AA87-C61EF690B87A}.Release|Any CPU.ActiveCfg = Release|Any CPU
		{DE2794D4-A346-44F1-AA87-C61EF690B87A}.Release|Any CPU.Build.0 = Release|Any CPU
		{DE2794D4-A346-44F1-AA87-C61EF690B87A}.Release|Any CPU.Deploy.0 = Release|Any CPU
		{DE2794D4-A346-44F1-AA87-C61EF690B87A}.Release|ARM.ActiveCfg = Release|Any CPU
		{DE2794D4-A346-44F1-AA87-C61EF690B87A}.Release|iPhone.ActiveCfg = Release|Any CPU
		{DE2794D4-A346-44F1-AA87-C61EF690B87A}.Release|iPhoneSimulator.ActiveCfg = Release|Any CPU
		{DE2794D4-A346-44F1-AA87-C61EF690B87A}.Release|Mixed Platforms.ActiveCfg = Release|Any CPU
		{DE2794D4-A346-44F1-AA87-C61EF690B87A}.Release|Mixed Platforms.Build.0 = Release|Any CPU
		{DE2794D4-A346-44F1-AA87-C61EF690B87A}.Release|Mixed Platforms.Deploy.0 = Release|Any CPU
		{DE2794D4-A346-44F1-AA87-C61EF690B87A}.Release|x86.ActiveCfg = Release|Any CPU
		{16D2102A-002B-4BAE-899A-6368B2E05A16}.Ad-Hoc|Any CPU.ActiveCfg = Ad-Hoc|iPhone
		{16D2102A-002B-4BAE-899A-6368B2E05A16}.Ad-Hoc|ARM.ActiveCfg = Ad-Hoc|iPhone
		{16D2102A-002B-4BAE-899A-6368B2E05A16}.Ad-Hoc|iPhone.ActiveCfg = Ad-Hoc|iPhone
		{16D2102A-002B-4BAE-899A-6368B2E05A16}.Ad-Hoc|iPhone.Build.0 = Ad-Hoc|iPhone
		{16D2102A-002B-4BAE-899A-6368B2E05A16}.Ad-Hoc|iPhone.Deploy.0 = Ad-Hoc|iPhone
		{16D2102A-002B-4BAE-899A-6368B2E05A16}.Ad-Hoc|iPhoneSimulator.ActiveCfg = Ad-Hoc|iPhoneSimulator
		{16D2102A-002B-4BAE-899A-6368B2E05A16}.Ad-Hoc|iPhoneSimulator.Build.0 = Ad-Hoc|iPhoneSimulator
		{16D2102A-002B-4BAE-899A-6368B2E05A16}.Ad-Hoc|iPhoneSimulator.Deploy.0 = Ad-Hoc|iPhoneSimulator
		{16D2102A-002B-4BAE-899A-6368B2E05A16}.Ad-Hoc|Mixed Platforms.ActiveCfg = Ad-Hoc|iPhone
		{16D2102A-002B-4BAE-899A-6368B2E05A16}.Ad-Hoc|Mixed Platforms.Build.0 = Ad-Hoc|iPhone
		{16D2102A-002B-4BAE-899A-6368B2E05A16}.Ad-Hoc|Mixed Platforms.Deploy.0 = Ad-Hoc|iPhone
		{16D2102A-002B-4BAE-899A-6368B2E05A16}.Ad-Hoc|x86.ActiveCfg = Ad-Hoc|iPhone
		{16D2102A-002B-4BAE-899A-6368B2E05A16}.AppStore|Any CPU.ActiveCfg = AppStore|iPhone
		{16D2102A-002B-4BAE-899A-6368B2E05A16}.AppStore|ARM.ActiveCfg = AppStore|iPhone
		{16D2102A-002B-4BAE-899A-6368B2E05A16}.AppStore|iPhone.ActiveCfg = AppStore|iPhone
		{16D2102A-002B-4BAE-899A-6368B2E05A16}.AppStore|iPhone.Build.0 = AppStore|iPhone
		{16D2102A-002B-4BAE-899A-6368B2E05A16}.AppStore|iPhone.Deploy.0 = AppStore|iPhone
		{16D2102A-002B-4BAE-899A-6368B2E05A16}.AppStore|iPhoneSimulator.ActiveCfg = AppStore|iPhoneSimulator
		{16D2102A-002B-4BAE-899A-6368B2E05A16}.AppStore|iPhoneSimulator.Build.0 = AppStore|iPhoneSimulator
		{16D2102A-002B-4BAE-899A-6368B2E05A16}.AppStore|iPhoneSimulator.Deploy.0 = AppStore|iPhoneSimulator
		{16D2102A-002B-4BAE-899A-6368B2E05A16}.AppStore|Mixed Platforms.ActiveCfg = AppStore|iPhone
		{16D2102A-002B-4BAE-899A-6368B2E05A16}.AppStore|Mixed Platforms.Build.0 = AppStore|iPhone
		{16D2102A-002B-4BAE-899A-6368B2E05A16}.AppStore|Mixed Platforms.Deploy.0 = AppStore|iPhone
		{16D2102A-002B-4BAE-899A-6368B2E05A16}.AppStore|x86.ActiveCfg = AppStore|iPhone
		{16D2102A-002B-4BAE-899A-6368B2E05A16}.Debug|Any CPU.ActiveCfg = Debug|iPhone
		{16D2102A-002B-4BAE-899A-6368B2E05A16}.Debug|ARM.ActiveCfg = Debug|iPhone
		{16D2102A-002B-4BAE-899A-6368B2E05A16}.Debug|iPhone.ActiveCfg = Debug|iPhone
		{16D2102A-002B-4BAE-899A-6368B2E05A16}.Debug|iPhone.Build.0 = Debug|iPhone
		{16D2102A-002B-4BAE-899A-6368B2E05A16}.Debug|iPhone.Deploy.0 = Debug|iPhone
		{16D2102A-002B-4BAE-899A-6368B2E05A16}.Debug|iPhoneSimulator.ActiveCfg = Debug|iPhoneSimulator
		{16D2102A-002B-4BAE-899A-6368B2E05A16}.Debug|iPhoneSimulator.Build.0 = Debug|iPhoneSimulator
		{16D2102A-002B-4BAE-899A-6368B2E05A16}.Debug|iPhoneSimulator.Deploy.0 = Debug|iPhoneSimulator
		{16D2102A-002B-4BAE-899A-6368B2E05A16}.Debug|Mixed Platforms.ActiveCfg = Debug|iPhone
		{16D2102A-002B-4BAE-899A-6368B2E05A16}.Debug|Mixed Platforms.Build.0 = Debug|iPhone
		{16D2102A-002B-4BAE-899A-6368B2E05A16}.Debug|Mixed Platforms.Deploy.0 = Debug|iPhone
		{16D2102A-002B-4BAE-899A-6368B2E05A16}.Debug|x86.ActiveCfg = Debug|iPhone
		{16D2102A-002B-4BAE-899A-6368B2E05A16}.Release|Any CPU.ActiveCfg = Release|iPhone
		{16D2102A-002B-4BAE-899A-6368B2E05A16}.Release|ARM.ActiveCfg = Release|iPhone
		{16D2102A-002B-4BAE-899A-6368B2E05A16}.Release|iPhone.ActiveCfg = Release|iPhone
		{16D2102A-002B-4BAE-899A-6368B2E05A16}.Release|iPhone.Build.0 = Release|iPhone
		{16D2102A-002B-4BAE-899A-6368B2E05A16}.Release|iPhone.Deploy.0 = Release|iPhone
		{16D2102A-002B-4BAE-899A-6368B2E05A16}.Release|iPhoneSimulator.ActiveCfg = Release|iPhoneSimulator
		{16D2102A-002B-4BAE-899A-6368B2E05A16}.Release|iPhoneSimulator.Build.0 = Release|iPhoneSimulator
		{16D2102A-002B-4BAE-899A-6368B2E05A16}.Release|iPhoneSimulator.Deploy.0 = Release|iPhoneSimulator
		{16D2102A-002B-4BAE-899A-6368B2E05A16}.Release|Mixed Platforms.ActiveCfg = Release|iPhone
		{16D2102A-002B-4BAE-899A-6368B2E05A16}.Release|Mixed Platforms.Build.0 = Release|iPhone
		{16D2102A-002B-4BAE-899A-6368B2E05A16}.Release|Mixed Platforms.Deploy.0 = Release|iPhone
		{16D2102A-002B-4BAE-899A-6368B2E05A16}.Release|x86.ActiveCfg = Release|iPhone
	EndGlobalSection
	GlobalSection(SolutionProperties) = preSolution
		HideSolutionNode = FALSE
	EndGlobalSection
EndGlobal
